// !$*UTF8*$!
{
	archiveVersion = 1;
	classes = {
	};
	objectVersion = 50;
	objects = {

/* Begin PBXBuildFile section */
		A06F2F3326A468DD004141B1 /* AddView.swift in Sources */ = {isa = PBXBuildFile; fileRef = A06F2F3226A468DD004141B1 /* AddView.swift */; };
		A082D5EF269F835F005A8140 /* iExpenseApp.swift in Sources */ = {isa = PBXBuildFile; fileRef = A082D5EE269F835F005A8140 /* iExpenseApp.swift */; };
		A082D5F1269F835F005A8140 /* ContentView.swift in Sources */ = {isa = PBXBuildFile; fileRef = A082D5F0269F835F005A8140 /* ContentView.swift */; };
		A082D5F3269F8361005A8140 /* Assets.xcassets in Resources */ = {isa = PBXBuildFile; fileRef = A082D5F2269F8361005A8140 /* Assets.xcassets */; };
		A082D5F6269F8361005A8140 /* Preview Assets.xcassets in Resources */ = {isa = PBXBuildFile; fileRef = A082D5F5269F8361005A8140 /* Preview Assets.xcassets */; };
		A082D601269F8362005A8140 /* iExpenseTests.swift in Sources */ = {isa = PBXBuildFile; fileRef = A082D600269F8362005A8140 /* iExpenseTests.swift */; };
		A082D60C269F8362005A8140 /* iExpenseUITests.swift in Sources */ = {isa = PBXBuildFile; fileRef = A082D60B269F8362005A8140 /* iExpenseUITests.swift */; };
/* End PBXBuildFile section */

/* Begin PBXContainerItemProxy section */
		A082D5FD269F8362005A8140 /* PBXContainerItemProxy */ = {
			isa = PBXContainerItemProxy;
			containerPortal = A082D5E3269F835F005A8140 /* Project object */;
			proxyType = 1;
			remoteGlobalIDString = A082D5EA269F835F005A8140;
			remoteInfo = iExpense;
		};
		A082D608269F8362005A8140 /* PBXContainerItemProxy */ = {
			isa = PBXContainerItemProxy;
			containerPortal = A082D5E3269F835F005A8140 /* Project object */;
			proxyType = 1;
			remoteGlobalIDString = A082D5EA269F835F005A8140;
			remoteInfo = iExpense;
		};
/* End PBXContainerItemProxy section */

/* Begin PBXFileReference section */
		A06F2F3226A468DD004141B1 /* AddView.swift */ = {isa = PBXFileReference; lastKnownFileType = sourcecode.swift; path = AddView.swift; sourceTree = "<group>"; };
		A082D5EB269F835F005A8140 /* iExpense.app */ = {isa = PBXFileReference; explicitFileType = wrapper.application; includeInIndex = 0; path = iExpense.app; sourceTree = BUILT_PRODUCTS_DIR; };
		A082D5EE269F835F005A8140 /* iExpenseApp.swift */ = {isa = PBXFileReference; lastKnownFileType = sourcecode.swift; path = iExpenseApp.swift; sourceTree = "<group>"; };
		A082D5F0269F835F005A8140 /* ContentView.swift */ = {isa = PBXFileReference; lastKnownFileType = sourcecode.swift; path = ContentView.swift; sourceTree = "<group>"; };
		A082D5F2269F8361005A8140 /* Assets.xcassets */ = {isa = PBXFileReference; lastKnownFileType = folder.assetcatalog; path = Assets.xcassets; sourceTree = "<group>"; };
		A082D5F5269F8361005A8140 /* Preview Assets.xcassets */ = {isa = PBXFileReference; lastKnownFileType = folder.assetcatalog; path = "Preview Assets.xcassets"; sourceTree = "<group>"; };
		A082D5F7269F8361005A8140 /* Info.plist */ = {isa = PBXFileReference; lastKnownFileType = text.plist.xml; path = Info.plist; sourceTree = "<group>"; };
		A082D5FC269F8362005A8140 /* iExpenseTests.xctest */ = {isa = PBXFileReference; explicitFileType = wrapper.cfbundle; includeInIndex = 0; path = iExpenseTests.xctest; sourceTree = BUILT_PRODUCTS_DIR; };
		A082D600269F8362005A8140 /* iExpenseTests.swift */ = {isa = PBXFileReference; lastKnownFileType = sourcecode.swift; path = iExpenseTests.swift; sourceTree = "<group>"; };
		A082D602269F8362005A8140 /* Info.plist */ = {isa = PBXFileReference; lastKnownFileType = text.plist.xml; path = Info.plist; sourceTree = "<group>"; };
		A082D607269F8362005A8140 /* iExpenseUITests.xctest */ = {isa = PBXFileReference; explicitFileType = wrapper.cfbundle; includeInIndex = 0; path = iExpenseUITests.xctest; sourceTree = BUILT_PRODUCTS_DIR; };
		A082D60B269F8362005A8140 /* iExpenseUITests.swift */ = {isa = PBXFileReference; lastKnownFileType = sourcecode.swift; path = iExpenseUITests.swift; sourceTree = "<group>"; };
		A082D60D269F8362005A8140 /* Info.plist */ = {isa = PBXFileReference; lastKnownFileType = text.plist.xml; path = Info.plist; sourceTree = "<group>"; };
/* End PBXFileReference section */

/* Begin PBXFrameworksBuildPhase section */
		A082D5E8269F835F005A8140 /* Frameworks */ = {
			isa = PBXFrameworksBuildPhase;
			buildActionMask = 2147483647;
			files = (
			);
			runOnlyForDeploymentPostprocessing = 0;
		};
		A082D5F9269F8362005A8140 /* Frameworks */ = {
			isa = PBXFrameworksBuildPhase;
			buildActionMask = 2147483647;
			files = (
			);
			runOnlyForDeploymentPostprocessing = 0;
		};
		A082D604269F8362005A8140 /* Frameworks */ = {
			isa = PBXFrameworksBuildPhase;
			buildActionMask = 2147483647;
			files = (
			);
			runOnlyForDeploymentPostprocessing = 0;
		};
/* End PBXFrameworksBuildPhase section */

/* Begin PBXGroup section */
		A082D5E2269F835F005A8140 = {
			isa = PBXGroup;
			children = (
				A082D5ED269F835F005A8140 /* iExpense */,
				A082D5FF269F8362005A8140 /* iExpenseTests */,
				A082D60A269F8362005A8140 /* iExpenseUITests */,
				A082D5EC269F835F005A8140 /* Products */,
			);
			sourceTree = "<group>";
		};
		A082D5EC269F835F005A8140 /* Products */ = {
			isa = PBXGroup;
			children = (
				A082D5EB269F835F005A8140 /* iExpense.app */,
				A082D5FC269F8362005A8140 /* iExpenseTests.xctest */,
				A082D607269F8362005A8140 /* iExpenseUITests.xctest */,
			);
			name = Products;
			sourceTree = "<group>";
		};
		A082D5ED269F835F005A8140 /* iExpense */ = {
			isa = PBXGroup;
			children = (
				A082D5EE269F835F005A8140 /* iExpenseApp.swift */,
				A082D5F0269F835F005A8140 /* ContentView.swift */,
				A082D5F2269F8361005A8140 /* Assets.xcassets */,
				A082D5F7269F8361005A8140 /* Info.plist */,
				A082D5F4269F8361005A8140 /* Preview Content */,
				A06F2F3226A468DD004141B1 /* AddView.swift */,
			);
			path = iExpense;
			sourceTree = "<group>";
		};
		A082D5F4269F8361005A8140 /* Preview Content */ = {
			isa = PBXGroup;
			children = (
				A082D5F5269F8361005A8140 /* Preview Assets.xcassets */,
			);
			path = "Preview Content";
			sourceTree = "<group>";
		};
		A082D5FF269F8362005A8140 /* iExpenseTests */ = {
			isa = PBXGroup;
			children = (
				A082D600269F8362005A8140 /* iExpenseTests.swift */,
				A082D602269F8362005A8140 /* Info.plist */,
			);
			path = iExpenseTests;
			sourceTree = "<group>";
		};
		A082D60A269F8362005A8140 /* iExpenseUITests */ = {
			isa = PBXGroup;
			children = (
				A082D60B269F8362005A8140 /* iExpenseUITests.swift */,
				A082D60D269F8362005A8140 /* Info.plist */,
			);
			path = iExpenseUITests;
			sourceTree = "<group>";
		};
/* End PBXGroup section */

/* Begin PBXNativeTarget section */
		A082D5EA269F835F005A8140 /* iExpense */ = {
			isa = PBXNativeTarget;
			buildConfigurationList = A082D610269F8362005A8140 /* Build configuration list for PBXNativeTarget "iExpense" */;
			buildPhases = (
				A082D5E7269F835F005A8140 /* Sources */,
				A082D5E8269F835F005A8140 /* Frameworks */,
				A082D5E9269F835F005A8140 /* Resources */,
			);
			buildRules = (
			);
			dependencies = (
			);
			name = iExpense;
			productName = iExpense;
			productReference = A082D5EB269F835F005A8140 /* iExpense.app */;
			productType = "com.apple.product-type.application";
		};
		A082D5FB269F8362005A8140 /* iExpenseTests */ = {
			isa = PBXNativeTarget;
			buildConfigurationList = A082D613269F8362005A8140 /* Build configuration list for PBXNativeTarget "iExpenseTests" */;
			buildPhases = (
				A082D5F8269F8362005A8140 /* Sources */,
				A082D5F9269F8362005A8140 /* Frameworks */,
				A082D5FA269F8362005A8140 /* Resources */,
			);
			buildRules = (
			);
			dependencies = (
				A082D5FE269F8362005A8140 /* PBXTargetDependency */,
			);
			name = iExpenseTests;
			productName = iExpenseTests;
			productReference = A082D5FC269F8362005A8140 /* iExpenseTests.xctest */;
			productType = "com.apple.product-type.bundle.unit-test";
		};
		A082D606269F8362005A8140 /* iExpenseUITests */ = {
			isa = PBXNativeTarget;
			buildConfigurationList = A082D616269F8362005A8140 /* Build configuration list for PBXNativeTarget "iExpenseUITests" */;
			buildPhases = (
				A082D603269F8362005A8140 /* Sources */,
				A082D604269F8362005A8140 /* Frameworks */,
				A082D605269F8362005A8140 /* Resources */,
			);
			buildRules = (
			);
			dependencies = (
				A082D609269F8362005A8140 /* PBXTargetDependency */,
			);
			name = iExpenseUITests;
			productName = iExpenseUITests;
			productReference = A082D607269F8362005A8140 /* iExpenseUITests.xctest */;
			productType = "com.apple.product-type.bundle.ui-testing";
		};
/* End PBXNativeTarget section */

/* Begin PBXProject section */
		A082D5E3269F835F005A8140 /* Project object */ = {
			isa = PBXProject;
			attributes = {
				LastSwiftUpdateCheck = 1250;
				LastUpgradeCheck = 1250;
				TargetAttributes = {
					A082D5EA269F835F005A8140 = {
						CreatedOnToolsVersion = 12.5;
					};
					A082D5FB269F8362005A8140 = {
						CreatedOnToolsVersion = 12.5;
						TestTargetID = A082D5EA269F835F005A8140;
					};
					A082D606269F8362005A8140 = {
						CreatedOnToolsVersion = 12.5;
						TestTargetID = A082D5EA269F835F005A8140;
					};
				};
			};
			buildConfigurationList = A082D5E6269F835F005A8140 /* Build configuration list for PBXProject "iExpense" */;
			compatibilityVersion = "Xcode 9.3";
			developmentRegion = en;
			hasScannedForEncodings = 0;
			knownRegions = (
				en,
				Base,
			);
			mainGroup = A082D5E2269F835F005A8140;
			productRefGroup = A082D5EC269F835F005A8140 /* Products */;
			projectDirPath = "";
			projectRoot = "";
			targets = (
				A082D5EA269F835F005A8140 /* iExpense */,
				A082D5FB269F8362005A8140 /* iExpenseTests */,
				A082D606269F8362005A8140 /* iExpenseUITests */,
			);
		};
/* End PBXProject section */

/* Begin PBXResourcesBuildPhase section */
		A082D5E9269F835F005A8140 /* Resources */ = {
			isa = PBXResourcesBuildPhase;
			buildActionMask = 2147483647;
			files = (
				A082D5F6269F8361005A8140 /* Preview Assets.xcassets in Resources */,
				A082D5F3269F8361005A8140 /* Assets.xcassets in Resources */,
			);
			runOnlyForDeploymentPostprocessing = 0;
		};
		A082D5FA269F8362005A8140 /* Resources */ = {
			isa = PBXResourcesBuildPhase;
			buildActionMask = 2147483647;
			files = (
			);
			runOnlyForDeploymentPostprocessing = 0;
		};
		A082D605269F8362005A8140 /* Resources */ = {
			isa = PBXResourcesBuildPhase;
			buildActionMask = 2147483647;
			files = (
			);
			runOnlyForDeploymentPostprocessing = 0;
		};
/* End PBXResourcesBuildPhase section */

/* Begin PBXSourcesBuildPhase section */
		A082D5E7269F835F005A8140 /* Sources */ = {
			isa = PBXSourcesBuildPhase;
			buildActionMask = 2147483647;
			files = (
				A082D5F1269F835F005A8140 /* ContentView.swift in Sources */,
				A082D5EF269F835F005A8140 /* iExpenseApp.swift in Sources */,
				A06F2F3326A468DD004141B1 /* AddView.swift in Sources */,
			);
			runOnlyForDeploymentPostprocessing = 0;
		};
		A082D5F8269F8362005A8140 /* Sources */ = {
			isa = PBXSourcesBuildPhase;
			buildActionMask = 2147483647;
			files = (
				A082D601269F8362005A8140 /* iExpenseTests.swift in Sources */,
			);
			runOnlyForDeploymentPostprocessing = 0;
		};
		A082D603269F8362005A8140 /* Sources */ = {
			isa = PBXSourcesBuildPhase;
			buildActionMask = 2147483647;
			files = (
				A082D60C269F8362005A8140 /* iExpenseUITests.swift in Sources */,
			);
			runOnlyForDeploymentPostprocessing = 0;
		};
/* End PBXSourcesBuildPhase section */

/* Begin PBXTargetDependency section */
		A082D5FE269F8362005A8140 /* PBXTargetDependency */ = {
			isa = PBXTargetDependency;
			target = A082D5EA269F835F005A8140 /* iExpense */;
			targetProxy = A082D5FD269F8362005A8140 /* PBXContainerItemProxy */;
		};
		A082D609269F8362005A8140 /* PBXTargetDependency */ = {
			isa = PBXTargetDependency;
			target = A082D5EA269F835F005A8140 /* iExpense */;
			targetProxy = A082D608269F8362005A8140 /* PBXContainerItemProxy */;
		};
/* End PBXTargetDependency section */

/* Begin XCBuildConfiguration section */
		A082D60E269F8362005A8140 /* Debug */ = {
			isa = XCBuildConfiguration;
			buildSettings = {
				ALWAYS_SEARCH_USER_PATHS = NO;
				CLANG_ANALYZER_NONNULL = YES;
				CLANG_ANALYZER_NUMBER_OBJECT_CONVERSION = YES_AGGRESSIVE;
				CLANG_CXX_LANGUAGE_STANDARD = "gnu++14";
				CLANG_CXX_LIBRARY = "libc++";
				CLANG_ENABLE_MODULES = YES;
				CLANG_ENABLE_OBJC_ARC = YES;
				CLANG_ENABLE_OBJC_WEAK = YES;
				CLANG_WARN_BLOCK_CAPTURE_AUTORELEASING = YES;
				CLANG_WARN_BOOL_CONVERSION = YES;
				CLANG_WARN_COMMA = YES;
				CLANG_WARN_CONSTANT_CONVERSION = YES;
				CLANG_WARN_DEPRECATED_OBJC_IMPLEMENTATIONS = YES;
				CLANG_WARN_DIRECT_OBJC_ISA_USAGE = YES_ERROR;
				CLANG_WARN_DOCUMENTATION_COMMENTS = YES;
				CLANG_WARN_EMPTY_BODY = YES;
				CLANG_WARN_ENUM_CONVERSION = YES;
				CLANG_WARN_INFINITE_RECURSION = YES;
				CLANG_WARN_INT_CONVERSION = YES;
				CLANG_WARN_NON_LITERAL_NULL_CONVERSION = YES;
				CLANG_WARN_OBJC_IMPLICIT_RETAIN_SELF = YES;
				CLANG_WARN_OBJC_LITERAL_CONVERSION = YES;
				CLANG_WARN_OBJC_ROOT_CLASS = YES_ERROR;
				CLANG_WARN_QUOTED_INCLUDE_IN_FRAMEWORK_HEADER = YES;
				CLANG_WARN_RANGE_LOOP_ANALYSIS = YES;
				CLANG_WARN_STRICT_PROTOTYPES = YES;
				CLANG_WARN_SUSPICIOUS_MOVE = YES;
				CLANG_WARN_UNGUARDED_AVAILABILITY = YES_AGGRESSIVE;
				CLANG_WARN_UNREACHABLE_CODE = YES;
				CLANG_WARN__DUPLICATE_METHOD_MATCH = YES;
				COPY_PHASE_STRIP = NO;
				DEBUG_INFORMATION_FORMAT = dwarf;
				ENABLE_STRICT_OBJC_MSGSEND = YES;
				ENABLE_TESTABILITY = YES;
				GCC_C_LANGUAGE_STANDARD = gnu11;
				GCC_DYNAMIC_NO_PIC = NO;
				GCC_NO_COMMON_BLOCKS = YES;
				GCC_OPTIMIZATION_LEVEL = 0;
				GCC_PREPROCESSOR_DEFINITIONS = (
					"DEBUG=1",
					"$(inherited)",
				);
				GCC_WARN_64_TO_32_BIT_CONVERSION = YES;
				GCC_WARN_ABOUT_RETURN_TYPE = YES_ERROR;
				GCC_WARN_UNDECLARED_SELECTOR = YES;
				GCC_WARN_UNINITIALIZED_AUTOS = YES_AGGRESSIVE;
				GCC_WARN_UNUSED_FUNCTION = YES;
				GCC_WARN_UNUSED_VARIABLE = YES;
				IPHONEOS_DEPLOYMENT_TARGET = 14.5;
				MTL_ENABLE_DEBUG_INFO = INCLUDE_SOURCE;
				MTL_FAST_MATH = YES;
				ONLY_ACTIVE_ARCH = YES;
				SDKROOT = iphoneos;
				SWIFT_ACTIVE_COMPILATION_CONDITIONS = DEBUG;
				SWIFT_OPTIMIZATION_LEVEL = "-Onone";
			};
			name = Debug;
		};
		A082D60F269F8362005A8140 /* Release */ = {
			isa = XCBuildConfiguration;
			buildSettings = {
				ALWAYS_SEARCH_USER_PATHS = NO;
				CLANG_ANALYZER_NONNULL = YES;
				CLANG_ANALYZER_NUMBER_OBJECT_CONVERSION = YES_AGGRESSIVE;
				CLANG_CXX_LANGUAGE_STANDARD = "gnu++14";
				CLANG_CXX_LIBRARY = "libc++";
				CLANG_ENABLE_MODULES = YES;
				CLANG_ENABLE_OBJC_ARC = YES;
				CLANG_ENABLE_OBJC_WEAK = YES;
				CLANG_WARN_BLOCK_CAPTURE_AUTORELEASING = YES;
				CLANG_WARN_BOOL_CONVERSION = YES;
				CLANG_WARN_COMMA = YES;
				CLANG_WARN_CONSTANT_CONVERSION = YES;
				CLANG_WARN_DEPRECATED_OBJC_IMPLEMENTATIONS = YES;
				CLANG_WARN_DIRECT_OBJC_ISA_USAGE = YES_ERROR;
				CLANG_WARN_DOCUMENTATION_COMMENTS = YES;
				CLANG_WARN_EMPTY_BODY = YES;
				CLANG_WARN_ENUM_CONVERSION = YES;
				CLANG_WARN_INFINITE_RECURSION = YES;
				CLANG_WARN_INT_CONVERSION = YES;
				CLANG_WARN_NON_LITERAL_NULL_CONVERSION = YES;
				CLANG_WARN_OBJC_IMPLICIT_RETAIN_SELF = YES;
				CLANG_WARN_OBJC_LITERAL_CONVERSION = YES;
				CLANG_WARN_OBJC_ROOT_CLASS = YES_ERROR;
				CLANG_WARN_QUOTED_INCLUDE_IN_FRAMEWORK_HEADER = YES;
				CLANG_WARN_RANGE_LOOP_ANALYSIS = YES;
				CLANG_WARN_STRICT_PROTOTYPES = YES;
				CLANG_WARN_SUSPICIOUS_MOVE = YES;
				CLANG_WARN_UNGUARDED_AVAILABILITY = YES_AGGRESSIVE;
				CLANG_WARN_UNREACHABLE_CODE = YES;
				CLANG_WARN__DUPLICATE_METHOD_MATCH = YES;
				COPY_PHASE_STRIP = NO;
				DEBUG_INFORMATION_FORMAT = "dwarf-with-dsym";
				ENABLE_NS_ASSERTIONS = NO;
				ENABLE_STRICT_OBJC_MSGSEND = YES;
				GCC_C_LANGUAGE_STANDARD = gnu11;
				GCC_NO_COMMON_BLOCKS = YES;
				GCC_WARN_64_TO_32_BIT_CONVERSION = YES;
				GCC_WARN_ABOUT_RETURN_TYPE = YES_ERROR;
				GCC_WARN_UNDECLARED_SELECTOR = YES;
				GCC_WARN_UNINITIALIZED_AUTOS = YES_AGGRESSIVE;
				GCC_WARN_UNUSED_FUNCTION = YES;
				GCC_WARN_UNUSED_VARIABLE = YES;
				IPHONEOS_DEPLOYMENT_TARGET = 14.5;
				MTL_ENABLE_DEBUG_INFO = NO;
				MTL_FAST_MATH = YES;
				SDKROOT = iphoneos;
				SWIFT_COMPILATION_MODE = wholemodule;
				SWIFT_OPTIMIZATION_LEVEL = "-O";
				VALIDATE_PRODUCT = YES;
			};
			name = Release;
		};
		A082D611269F8362005A8140 /* Debug */ = {
			isa = XCBuildConfiguration;
			buildSettings = {
				ASSETCATALOG_COMPILER_APPICON_NAME = AppIcon;
				ASSETCATALOG_COMPILER_GLOBAL_ACCENT_COLOR_NAME = AccentColor;
				CODE_SIGN_STYLE = Automatic;
				DEVELOPMENT_ASSET_PATHS = "\"iExpense/Preview Content\"";
				DEVELOPMENT_TEAM = K6L9PX98Y5;
				ENABLE_PREVIEWS = YES;
				INFOPLIST_FILE = iExpense/Info.plist;
				IPHONEOS_DEPLOYMENT_TARGET = 14.0;
				LD_RUNPATH_SEARCH_PATHS = (
					"$(inherited)",
					"@executable_path/Frameworks",
				);
				PRODUCT_BUNDLE_IDENTIFIER = com.yemigabriel.iExpense;
				PRODUCT_NAME = "$(TARGET_NAME)";
				SWIFT_VERSION = 5.0;
				TARGETED_DEVICE_FAMILY = "1,2";
			};
			name = Debug;
		};
		A082D612269F8362005A8140 /* Release */ = {
			isa = XCBuildConfiguration;
			buildSettings = {
				ASSETCATALOG_COMPILER_APPICON_NAME = AppIcon;
				ASSETCATALOG_COMPILER_GLOBAL_ACCENT_COLOR_NAME = AccentColor;
				CODE_SIGN_STYLE = Automatic;
				DEVELOPMENT_ASSET_PATHS = "\"iExpense/Preview Content\"";
				DEVELOPMENT_TEAM = K6L9PX98Y5;
				ENABLE_PREVIEWS = YES;
				INFOPLIST_FILE = iExpense/Info.plist;
				IPHONEOS_DEPLOYMENT_TARGET = 14.0;
				LD_RUNPATH_SEARCH_PATHS = (
					"$(inherited)",
					"@executable_path/Frameworks",
				);
				PRODUCT_BUNDLE_IDENTIFIER = com.yemigabriel.iExpense;
				PRODUCT_NAME = "$(TARGET_NAME)";
				SWIFT_VERSION = 5.0;
				TARGETED_DEVICE_FAMILY = "1,2";
			};
			name = Release;
		};
		A082D614269F8362005A8140 /* Debug */ = {
			isa = XCBuildConfiguration;
			buildSettings = {
				ALWAYS_EMBED_SWIFT_STANDARD_LIBRARIES = YES;
				BUNDLE_LOADER = "$(TEST_HOST)";
				CODE_SIGN_STYLE = Automatic;
				DEVELOPMENT_TEAM = K6L9PX98Y5;
				INFOPLIST_FILE = iExpenseTests/Info.plist;
				IPHONEOS_DEPLOYMENT_TARGET = 14.0;
				LD_RUNPATH_SEARCH_PATHS = (
					"$(inherited)",
					"@executable_path/Frameworks",
					"@loader_path/Frameworks",
				);
				PRODUCT_BUNDLE_IDENTIFIER = com.yemigabriel.iExpenseTests;
				PRODUCT_NAME = "$(TARGET_NAME)";
				SWIFT_VERSION = 5.0;
				TARGETED_DEVICE_FAMILY = "1,2";
				TEST_HOST = "$(BUILT_PRODUCTS_DIR)/iExpense.app/iExpense";
			};
			name = Debug;
		};
		A082D615269F8362005A8140 /* Release */ = {
			isa = XCBuildConfiguration;
			buildSettings = {
				ALWAYS_EMBED_SWIFT_STANDARD_LIBRARIES = YES;
				BUNDLE_LOADER = "$(TEST_HOST)";
				CODE_SIGN_STYLE = Automatic;
				DEVELOPMENT_TEAM = K6L9PX98Y5;
				INFOPLIST_FILE = iExpenseTests/Info.plist;
				IPHONEOS_DEPLOYMENT_TARGET = 14.0;
				LD_RUNPATH_SEARCH_PATHS = (
					"$(inherited)",
					"@executable_path/Frameworks",
					"@loader_path/Frameworks",
				);
				PRODUCT_BUNDLE_IDENTIFIER = com.yemigabriel.iExpenseTests;
				PRODUCT_NAME = "$(TARGET_NAME)";
				SWIFT_VERSION = 5.0;
				TARGETED_DEVICE_FAMILY = "1,2";
				TEST_HOST = "$(BUILT_PRODUCTS_DIR)/iExpense.app/iExpense";
			};
			name = Release;
		};
		A082D617269F8362005A8140 /* Debug */ = {
			isa = XCBuildConfiguration;
			buildSettings = {
				ALWAYS_EMBED_SWIFT_STANDARD_LIBRARIES = YES;
				CODE_SIGN_STYLE = Automatic;
				DEVELOPMENT_TEAM = K6L9PX98Y5;
				INFOPLIST_FILE = iExpenseUITests/Info.plist;
				LD_RUNPATH_SEARCH_PATHS = (
					"$(inherited)",
					"@executable_path/Frameworks",
					"@loader_path/Frameworks",
				);
				PRODUCT_BUNDLE_IDENTIFIER = com.yemigabriel.iExpenseUITests;
				PRODUCT_NAME = "$(TARGET_NAME)";
				SWIFT_VERSION = 5.0;
				TARGETED_DEVICE_FAMILY = "1,2";
				TEST_TARGET_NAME = iExpense;
			};
			name = Debug;
		};
		A082D618269F8362005A8140 /* Release */ = {
			isa = XCBuildConfiguration;
			buildSettings = {
				ALWAYS_EMBED_SWIFT_STANDARD_LIBRARIES = YES;
				CODE_SIGN_STYLE = Automatic;
				DEVELOPMENT_TEAM = K6L9PX98Y5;
				INFOPLIST_FILE = iExpenseUITests/Info.plist;
				LD_RUNPATH_SEARCH_PATHS = (
					"$(inherited)",
					"@executable_path/Frameworks",
					"@loader_path/Frameworks",
				);
				PRODUCT_BUNDLE_IDENTIFIER = com.yemigabriel.iExpenseUITests;
				PRODUCT_NAME = "$(TARGET_NAME)";
				SWIFT_VERSION = 5.0;
				TARGETED_DEVICE_FAMILY = "1,2";
				TEST_TARGET_NAME = iExpense;
			};
			name = Release;
		};
/* End XCBuildConfiguration section */

/* Begin XCConfigurationList section */
		A082D5E6269F835F005A8140 /* Build configuration list for PBXProject "iExpense" */ = {
			isa = XCConfigurationList;
			buildConfigurations = (
				A082D60E269F8362005A8140 /* Debug */,
				A082D60F269F8362005A8140 /* Release */,
			);
			defaultConfigurationIsVisible = 0;
			defaultConfigurationName = Release;
		};
		A082D610269F8362005A8140 /* Build configuration list for PBXNativeTarget "iExpense" */ = {
			isa = XCConfigurationList;
			buildConfigurations = (
				A082D611269F8362005A8140 /* Debug */,
				A082D612269F8362005A8140 /* Release */,
			);
			defaultConfigurationIsVisible = 0;
			defaultConfigurationName = Release;
		};
		A082D613269F8362005A8140 /* Build configuration list for PBXNativeTarget "iExpenseTests" */ = {
			isa = XCConfigurationList;
			buildConfigurations = (
				A082D614269F8362005A8140 /* Debug */,
				A082D615269F8362005A8140 /* Release */,
			);
			defaultConfigurationIsVisible = 0;
			defaultConfigurationName = Release;
		};
		A082D616269F8362005A8140 /* Build configuration list for PBXNativeTarget "iExpenseUITests" */ = {
			isa = XCConfigurationList;
			buildConfigurations = (
				A082D617269F8362005A8140 /* Debug */,
				A082D618269F8362005A8140 /* Release */,
			);
			defaultConfigurationIsVisible = 0;
			defaultConfigurationName = Release;
		};
/* End XCConfigurationList section */
	};
	rootObject = A082D5E3269F835F005A8140 /* Project object */;
}
